
Microsoft Visual Studio Solution File, Format Version 12.00
# Visual Studio Version 16
VisualStudioVersion = 16.0.29009.5
MinimumVisualStudioVersion = 10.0.40219.1
Project("{FAE04EC0-301F-11D3-BF4B-00C04F79EFBC}") = "androidOG", "androidOG.csproj", "{F7EFF94F-0980-48EA-8C69-B27876464379}"
EndProject
Global
	GlobalSection(SolutionConfigurationPlatforms) = preSolution
		Debug|Any CPU = Debug|Any CPU
		Release|Any CPU = Release|Any CPU
	EndGlobalSection
	GlobalSection(ProjectConfigurationPlatforms) = postSolution
		{F7EFF94F-0980-48EA-8C69-B27876464379}.Debug|Any CPU.ActiveCfg = Debug|Any CPU
		{F7EFF94F-0980-48EA-8C69-B27876464379}.Debug|Any CPU.Build.0 = Debug|Any CPU
		{F7EFF94F-0980-48EA-8C69-B27876464379}.Debug|Any CPU.Deploy.0 = Debug|Any CPU
		{F7EFF94F-0980-48EA-8C69-B27876464379}.Release|Any CPU.ActiveCfg = Release|Any CPU
		{F7EFF94F-0980-48EA-8C69-B27876464379}.Release|Any CPU.Build.0 = Release|Any CPU
		{F7EFF94F-0980-48EA-8C69-B27876464379}.Release|Any CPU.Deploy.0 = Release|Any CPU
	EndGlobalSection
	GlobalSection(SolutionProperties) = preSolution
		HideSolutionNode = FALSE
	EndGlobalSection
	GlobalSection(ExtensibilityGlobals) = postSolution
		SolutionGuid = {B44E261C-E78D-4663-B7B8-9038C8A1B0B6}
	EndGlobalSection
EndGlobal
