
Microsoft Visual Studio Solution File, Format Version 12.00
# Visual Studio Version 16
VisualStudioVersion = 16.0.30406.217
MinimumVisualStudioVersion = 10.0.40219.1
Project("{9A19103F-16F7-4668-BE54-9A1E7A4F7556}") = "GreenDo", "GreenDo\GreenDo.csproj", "{D33A9EC7-301B-4599-8596-76CEFFA67797}"
EndProject
Project("{FAE04EC0-301F-11D3-BF4B-00C04F79EFBC}") = "GreenDo.Android", "GreenDo.Android\GreenDo.Android.csproj", "{77083367-34DC-45A3-8A1E-7BA78DA812FB}"
EndProject
Project("{FAE04EC0-301F-11D3-BF4B-00C04F79EFBC}") = "GreenDo.iOS", "GreenDo.iOS\GreenDo.iOS.csproj", "{1C3B6119-B119-49D2-8427-748E5770D7FD}"
EndProject
Project("{9A19103F-16F7-4668-BE54-9A1E7A4F7556}") = "GreenDoBackend", "..\GreenDoBackend\GreenDoBackend.csproj", "{E22C394A-EB8E-4F7B-A984-1081E4248491}"
EndProject
Project("{FAE04EC0-301F-11D3-BF4B-00C04F79EFBC}") = "Models", "Models\Models.csproj", "{96419242-F915-471C-9453-CEEABCCBA31F}"
EndProject
Global
	GlobalSection(SolutionConfigurationPlatforms) = preSolution
		Ad-Hoc|Any CPU = Ad-Hoc|Any CPU
		Ad-Hoc|iPhone = Ad-Hoc|iPhone
		Ad-Hoc|iPhoneSimulator = Ad-Hoc|iPhoneSimulator
		AppStore|Any CPU = AppStore|Any CPU
		AppStore|iPhone = AppStore|iPhone
		AppStore|iPhoneSimulator = AppStore|iPhoneSimulator
		Debug|Any CPU = Debug|Any CPU
		Debug|iPhone = Debug|iPhone
		Debug|iPhoneSimulator = Debug|iPhoneSimulator
		Release|Any CPU = Release|Any CPU
		Release|iPhone = Release|iPhone
		Release|iPhoneSimulator = Release|iPhoneSimulator
	EndGlobalSection
	GlobalSection(ProjectConfigurationPlatforms) = postSolution
		{D33A9EC7-301B-4599-8596-76CEFFA67797}.Ad-Hoc|Any CPU.ActiveCfg = Debug|Any CPU
		{D33A9EC7-301B-4599-8596-76CEFFA67797}.Ad-Hoc|Any CPU.Build.0 = Debug|Any CPU
		{D33A9EC7-301B-4599-8596-76CEFFA67797}.Ad-Hoc|iPhone.ActiveCfg = Debug|Any CPU
		{D33A9EC7-301B-4599-8596-76CEFFA67797}.Ad-Hoc|iPhone.Build.0 = Debug|Any CPU
		{D33A9EC7-301B-4599-8596-76CEFFA67797}.Ad-Hoc|iPhoneSimulator.ActiveCfg = Debug|Any CPU
		{D33A9EC7-301B-4599-8596-76CEFFA67797}.Ad-Hoc|iPhoneSimulator.Build.0 = Debug|Any CPU
		{D33A9EC7-301B-4599-8596-76CEFFA67797}.AppStore|Any CPU.ActiveCfg = Debug|Any CPU
		{D33A9EC7-301B-4599-8596-76CEFFA67797}.AppStore|Any CPU.Build.0 = Debug|Any CPU
		{D33A9EC7-301B-4599-8596-76CEFFA67797}.AppStore|iPhone.ActiveCfg = Debug|Any CPU
		{D33A9EC7-301B-4599-8596-76CEFFA67797}.AppStore|iPhone.Build.0 = Debug|Any CPU
		{D33A9EC7-301B-4599-8596-76CEFFA67797}.AppStore|iPhoneSimulator.ActiveCfg = Debug|Any CPU
		{D33A9EC7-301B-4599-8596-76CEFFA67797}.AppStore|iPhoneSimulator.Build.0 = Debug|Any CPU
		{D33A9EC7-301B-4599-8596-76CEFFA67797}.Debug|Any CPU.ActiveCfg = Debug|Any CPU
		{D33A9EC7-301B-4599-8596-76CEFFA67797}.Debug|Any CPU.Build.0 = Debug|Any CPU
		{D33A9EC7-301B-4599-8596-76CEFFA67797}.Debug|iPhone.ActiveCfg = Debug|Any CPU
		{D33A9EC7-301B-4599-8596-76CEFFA67797}.Debug|iPhone.Build.0 = Debug|Any CPU
		{D33A9EC7-301B-4599-8596-76CEFFA67797}.Debug|iPhoneSimulator.ActiveCfg = Debug|Any CPU
		{D33A9EC7-301B-4599-8596-76CEFFA67797}.Debug|iPhoneSimulator.Build.0 = Debug|Any CPU
		{D33A9EC7-301B-4599-8596-76CEFFA67797}.Release|Any CPU.ActiveCfg = Release|Any CPU
		{D33A9EC7-301B-4599-8596-76CEFFA67797}.Release|Any CPU.Build.0 = Release|Any CPU
		{D33A9EC7-301B-4599-8596-76CEFFA67797}.Release|iPhone.ActiveCfg = Release|Any CPU
		{D33A9EC7-301B-4599-8596-76CEFFA67797}.Release|iPhone.Build.0 = Release|Any CPU
		{D33A9EC7-301B-4599-8596-76CEFFA67797}.Release|iPhoneSimulator.ActiveCfg = Release|Any CPU
		{D33A9EC7-301B-4599-8596-76CEFFA67797}.Release|iPhoneSimulator.Build.0 = Release|Any CPU
		{77083367-34DC-45A3-8A1E-7BA78DA812FB}.Ad-Hoc|Any CPU.ActiveCfg = Release|Any CPU
		{77083367-34DC-45A3-8A1E-7BA78DA812FB}.Ad-Hoc|Any CPU.Build.0 = Release|Any CPU
		{77083367-34DC-45A3-8A1E-7BA78DA812FB}.Ad-Hoc|Any CPU.Deploy.0 = Release|Any CPU
		{77083367-34DC-45A3-8A1E-7BA78DA812FB}.Ad-Hoc|iPhone.ActiveCfg = Release|Any CPU
		{77083367-34DC-45A3-8A1E-7BA78DA812FB}.Ad-Hoc|iPhone.Build.0 = Release|Any CPU
		{77083367-34DC-45A3-8A1E-7BA78DA812FB}.Ad-Hoc|iPhone.Deploy.0 = Release|Any CPU
		{77083367-34DC-45A3-8A1E-7BA78DA812FB}.Ad-Hoc|iPhoneSimulator.ActiveCfg = Release|Any CPU
		{77083367-34DC-45A3-8A1E-7BA78DA812FB}.Ad-Hoc|iPhoneSimulator.Build.0 = Release|Any CPU
		{77083367-34DC-45A3-8A1E-7BA78DA812FB}.Ad-Hoc|iPhoneSimulator.Deploy.0 = Release|Any CPU
		{77083367-34DC-45A3-8A1E-7BA78DA812FB}.AppStore|Any CPU.ActiveCfg = Release|Any CPU
		{77083367-34DC-45A3-8A1E-7BA78DA812FB}.AppStore|Any CPU.Build.0 = Release|Any CPU
		{77083367-34DC-45A3-8A1E-7BA78DA812FB}.AppStore|Any CPU.Deploy.0 = Release|Any CPU
		{77083367-34DC-45A3-8A1E-7BA78DA812FB}.AppStore|iPhone.ActiveCfg = Release|Any CPU
		{77083367-34DC-45A3-8A1E-7BA78DA812FB}.AppStore|iPhone.Build.0 = Release|Any CPU
		{77083367-34DC-45A3-8A1E-7BA78DA812FB}.AppStore|iPhone.Deploy.0 = Release|Any CPU
		{77083367-34DC-45A3-8A1E-7BA78DA812FB}.AppStore|iPhoneSimulator.ActiveCfg = Release|Any CPU
		{77083367-34DC-45A3-8A1E-7BA78DA812FB}.AppStore|iPhoneSimulator.Build.0 = Release|Any CPU
		{77083367-34DC-45A3-8A1E-7BA78DA812FB}.AppStore|iPhoneSimulator.Deploy.0 = Release|Any CPU
		{77083367-34DC-45A3-8A1E-7BA78DA812FB}.Debug|Any CPU.ActiveCfg = Debug|Any CPU
		{77083367-34DC-45A3-8A1E-7BA78DA812FB}.Debug|Any CPU.Build.0 = Debug|Any CPU
		{77083367-34DC-45A3-8A1E-7BA78DA812FB}.Debug|Any CPU.Deploy.0 = Debug|Any CPU
		{77083367-34DC-45A3-8A1E-7BA78DA812FB}.Debug|iPhone.ActiveCfg = Debug|Any CPU
		{77083367-34DC-45A3-8A1E-7BA78DA812FB}.Debug|iPhone.Build.0 = Debug|Any CPU
		{77083367-34DC-45A3-8A1E-7BA78DA812FB}.Debug|iPhone.Deploy.0 = Debug|Any CPU
		{77083367-34DC-45A3-8A1E-7BA78DA812FB}.Debug|iPhoneSimulator.ActiveCfg = Debug|Any CPU
		{77083367-34DC-45A3-8A1E-7BA78DA812FB}.Debug|iPhoneSimulator.Build.0 = Debug|Any CPU
		{77083367-34DC-45A3-8A1E-7BA78DA812FB}.Debug|iPhoneSimulator.Deploy.0 = Debug|Any CPU
		{77083367-34DC-45A3-8A1E-7BA78DA812FB}.Release|Any CPU.ActiveCfg = Release|Any CPU
		{77083367-34DC-45A3-8A1E-7BA78DA812FB}.Release|Any CPU.Build.0 = Release|Any CPU
		{77083367-34DC-45A3-8A1E-7BA78DA812FB}.Release|Any CPU.Deploy.0 = Release|Any CPU
		{77083367-34DC-45A3-8A1E-7BA78DA812FB}.Release|iPhone.ActiveCfg = Release|Any CPU
		{77083367-34DC-45A3-8A1E-7BA78DA812FB}.Release|iPhone.Build.0 = Release|Any CPU
		{77083367-34DC-45A3-8A1E-7BA78DA812FB}.Release|iPhone.Deploy.0 = Release|Any CPU
		{77083367-34DC-45A3-8A1E-7BA78DA812FB}.Release|iPhoneSimulator.ActiveCfg = Release|Any CPU
		{77083367-34DC-45A3-8A1E-7BA78DA812FB}.Release|iPhoneSimulator.Build.0 = Release|Any CPU
		{77083367-34DC-45A3-8A1E-7BA78DA812FB}.Release|iPhoneSimulator.Deploy.0 = Release|Any CPU
		{1C3B6119-B119-49D2-8427-748E5770D7FD}.Ad-Hoc|Any CPU.ActiveCfg = Ad-Hoc|iPhone
		{1C3B6119-B119-49D2-8427-748E5770D7FD}.Ad-Hoc|iPhone.ActiveCfg = Ad-Hoc|iPhone
		{1C3B6119-B119-49D2-8427-748E5770D7FD}.Ad-Hoc|iPhone.Build.0 = Ad-Hoc|iPhone
		{1C3B6119-B119-49D2-8427-748E5770D7FD}.Ad-Hoc|iPhoneSimulator.ActiveCfg = Ad-Hoc|iPhoneSimulator
		{1C3B6119-B119-49D2-8427-748E5770D7FD}.Ad-Hoc|iPhoneSimulator.Build.0 = Ad-Hoc|iPhoneSimulator
		{1C3B6119-B119-49D2-8427-748E5770D7FD}.AppStore|Any CPU.ActiveCfg = AppStore|iPhone
		{1C3B6119-B119-49D2-8427-748E5770D7FD}.AppStore|iPhone.ActiveCfg = AppStore|iPhone
		{1C3B6119-B119-49D2-8427-748E5770D7FD}.AppStore|iPhone.Build.0 = AppStore|iPhone
		{1C3B6119-B119-49D2-8427-748E5770D7FD}.AppStore|iPhoneSimulator.ActiveCfg = AppStore|iPhoneSimulator
		{1C3B6119-B119-49D2-8427-748E5770D7FD}.AppStore|iPhoneSimulator.Build.0 = AppStore|iPhoneSimulator
		{1C3B6119-B119-49D2-8427-748E5770D7FD}.Debug|Any CPU.ActiveCfg = Debug|iPhone
		{1C3B6119-B119-49D2-8427-748E5770D7FD}.Debug|iPhone.ActiveCfg = Debug|iPhone
		{1C3B6119-B119-49D2-8427-748E5770D7FD}.Debug|iPhone.Build.0 = Debug|iPhone
		{1C3B6119-B119-49D2-8427-748E5770D7FD}.Debug|iPhoneSimulator.ActiveCfg = Debug|iPhoneSimulator
		{1C3B6119-B119-49D2-8427-748E5770D7FD}.Debug|iPhoneSimulator.Build.0 = Debug|iPhoneSimulator
		{1C3B6119-B119-49D2-8427-748E5770D7FD}.Release|Any CPU.ActiveCfg = Release|iPhone
		{1C3B6119-B119-49D2-8427-748E5770D7FD}.Release|iPhone.ActiveCfg = Release|iPhone
		{1C3B6119-B119-49D2-8427-748E5770D7FD}.Release|iPhone.Build.0 = Release|iPhone
		{1C3B6119-B119-49D2-8427-748E5770D7FD}.Release|iPhoneSimulator.ActiveCfg = Release|iPhoneSimulator
		{1C3B6119-B119-49D2-8427-748E5770D7FD}.Release|iPhoneSimulator.Build.0 = Release|iPhoneSimulator
		{E22C394A-EB8E-4F7B-A984-1081E4248491}.Ad-Hoc|Any CPU.ActiveCfg = Debug|Any CPU
		{E22C394A-EB8E-4F7B-A984-1081E4248491}.Ad-Hoc|Any CPU.Build.0 = Debug|Any CPU
		{E22C394A-EB8E-4F7B-A984-1081E4248491}.Ad-Hoc|iPhone.ActiveCfg = Debug|Any CPU
		{E22C394A-EB8E-4F7B-A984-1081E4248491}.Ad-Hoc|iPhone.Build.0 = Debug|Any CPU
		{E22C394A-EB8E-4F7B-A984-1081E4248491}.Ad-Hoc|iPhoneSimulator.ActiveCfg = Debug|Any CPU
		{E22C394A-EB8E-4F7B-A984-1081E4248491}.Ad-Hoc|iPhoneSimulator.Build.0 = Debug|Any CPU
		{E22C394A-EB8E-4F7B-A984-1081E4248491}.AppStore|Any CPU.ActiveCfg = Debug|Any CPU
		{E22C394A-EB8E-4F7B-A984-1081E4248491}.AppStore|Any CPU.Build.0 = Debug|Any CPU
		{E22C394A-EB8E-4F7B-A984-1081E4248491}.AppStore|iPhone.ActiveCfg = Debug|Any CPU
		{E22C394A-EB8E-4F7B-A984-1081E4248491}.AppStore|iPhone.Build.0 = Debug|Any CPU
		{E22C394A-EB8E-4F7B-A984-1081E4248491}.AppStore|iPhoneSimulator.ActiveCfg = Debug|Any CPU
		{E22C394A-EB8E-4F7B-A984-1081E4248491}.AppStore|iPhoneSimulator.Build.0 = Debug|Any CPU
		{E22C394A-EB8E-4F7B-A984-1081E4248491}.Debug|Any CPU.ActiveCfg = Debug|Any CPU
		{E22C394A-EB8E-4F7B-A984-1081E4248491}.Debug|Any CPU.Build.0 = Debug|Any CPU
		{E22C394A-EB8E-4F7B-A984-1081E4248491}.Debug|iPhone.ActiveCfg = Debug|Any CPU
		{E22C394A-EB8E-4F7B-A984-1081E4248491}.Debug|iPhone.Build.0 = Debug|Any CPU
		{E22C394A-EB8E-4F7B-A984-1081E4248491}.Debug|iPhoneSimulator.ActiveCfg = Debug|Any CPU
		{E22C394A-EB8E-4F7B-A984-1081E4248491}.Debug|iPhoneSimulator.Build.0 = Debug|Any CPU
		{E22C394A-EB8E-4F7B-A984-1081E4248491}.Release|Any CPU.ActiveCfg = Release|Any CPU
		{E22C394A-EB8E-4F7B-A984-1081E4248491}.Release|Any CPU.Build.0 = Release|Any CPU
		{E22C394A-EB8E-4F7B-A984-1081E4248491}.Release|iPhone.ActiveCfg = Release|Any CPU
		{E22C394A-EB8E-4F7B-A984-1081E4248491}.Release|iPhone.Build.0 = Release|Any CPU
		{E22C394A-EB8E-4F7B-A984-1081E4248491}.Release|iPhoneSimulator.ActiveCfg = Release|Any CPU
		{E22C394A-EB8E-4F7B-A984-1081E4248491}.Release|iPhoneSimulator.Build.0 = Release|Any CPU
		{96419242-F915-471C-9453-CEEABCCBA31F}.Ad-Hoc|Any CPU.ActiveCfg = Release|Any CPU
		{96419242-F915-471C-9453-CEEABCCBA31F}.Ad-Hoc|Any CPU.Build.0 = Release|Any CPU
		{96419242-F915-471C-9453-CEEABCCBA31F}.Ad-Hoc|iPhone.ActiveCfg = Release|Any CPU
		{96419242-F915-471C-9453-CEEABCCBA31F}.Ad-Hoc|iPhone.Build.0 = Release|Any CPU
		{96419242-F915-471C-9453-CEEABCCBA31F}.Ad-Hoc|iPhoneSimulator.ActiveCfg = Release|Any CPU
		{96419242-F915-471C-9453-CEEABCCBA31F}.Ad-Hoc|iPhoneSimulator.Build.0 = Release|Any CPU
		{96419242-F915-471C-9453-CEEABCCBA31F}.AppStore|Any CPU.ActiveCfg = Release|Any CPU
		{96419242-F915-471C-9453-CEEABCCBA31F}.AppStore|Any CPU.Build.0 = Release|Any CPU
		{96419242-F915-471C-9453-CEEABCCBA31F}.AppStore|iPhone.ActiveCfg = Release|Any CPU
		{96419242-F915-471C-9453-CEEABCCBA31F}.AppStore|iPhone.Build.0 = Release|Any CPU
		{96419242-F915-471C-9453-CEEABCCBA31F}.AppStore|iPhoneSimulator.ActiveCfg = Release|Any CPU
		{96419242-F915-471C-9453-CEEABCCBA31F}.AppStore|iPhoneSimulator.Build.0 = Release|Any CPU
		{96419242-F915-471C-9453-CEEABCCBA31F}.Debug|Any CPU.ActiveCfg = Debug|Any CPU
		{96419242-F915-471C-9453-CEEABCCBA31F}.Debug|Any CPU.Build.0 = Debug|Any CPU
		{96419242-F915-471C-9453-CEEABCCBA31F}.Debug|iPhone.ActiveCfg = Debug|Any CPU
		{96419242-F915-471C-9453-CEEABCCBA31F}.Debug|iPhone.Build.0 = Debug|Any CPU
		{96419242-F915-471C-9453-CEEABCCBA31F}.Debug|iPhoneSimulator.ActiveCfg = Debug|Any CPU
		{96419242-F915-471C-9453-CEEABCCBA31F}.Debug|iPhoneSimulator.Build.0 = Debug|Any CPU
		{96419242-F915-471C-9453-CEEABCCBA31F}.Release|Any CPU.ActiveCfg = Release|Any CPU
		{96419242-F915-471C-9453-CEEABCCBA31F}.Release|Any CPU.Build.0 = Release|Any CPU
		{96419242-F915-471C-9453-CEEABCCBA31F}.Release|iPhone.ActiveCfg = Release|Any CPU
		{96419242-F915-471C-9453-CEEABCCBA31F}.Release|iPhone.Build.0 = Release|Any CPU
		{96419242-F915-471C-9453-CEEABCCBA31F}.Release|iPhoneSimulator.ActiveCfg = Release|Any CPU
		{96419242-F915-471C-9453-CEEABCCBA31F}.Release|iPhoneSimulator.Build.0 = Release|Any CPU
	EndGlobalSection
	GlobalSection(SolutionProperties) = preSolution
		HideSolutionNode = FALSE
	EndGlobalSection
	GlobalSection(ExtensibilityGlobals) = postSolution
		SolutionGuid = {6046D857-0F7E-49F0-A419-B53C4AC39E6E}
	EndGlobalSection
EndGlobal
